
Microsoft Visual Studio Solution File, Format Version 12.00
# Visual Studio Version 17
VisualStudioVersion = 17.0.32112.339
MinimumVisualStudioVersion = 10.0.40219.1
Project("{2150E333-8FDC-42A3-9474-1A3956D46DE8}") = "src", "src", "{618C84C8-CA2D-4FBC-8D5A-21E49DB5C186}"
EndProject
Project("{2150E333-8FDC-42A3-9474-1A3956D46DE8}") = "infrastructure", "infrastructure", "{9E6B923D-5D79-4620-B735-4EE648AFCE67}"
EndProject
Project("{9A19103F-16F7-4668-BE54-9A1E7A4F7556}") = "STP.UserInterface", "src\STP.UserInterface\STP.UserInterface.csproj", "{22D30E5A-2C8F-4051-A524-D9BBF84F6FEF}"
EndProject
Project("{9A19103F-16F7-4668-BE54-9A1E7A4F7556}") = "STP.DataLayer", "src\STP.DataLayer\STP.DataLayer.csproj", "{981E7E05-ECA9-49F2-B0D4-9EFABA4D61AD}"
EndProject
Project("{9A19103F-16F7-4668-BE54-9A1E7A4F7556}") = "STP.Composition", "infrastructure\STP.Composition\STP.Composition.csproj", "{35E8CC01-29F2-49A6-9BB1-43CB0E69F6F4}"
EndProject
Project("{9A19103F-16F7-4668-BE54-9A1E7A4F7556}") = "STP.ApiTester", "src\STP.ApiTester\STP.ApiTester.csproj", "{CC51CD69-136F-4577-AF07-043E4DDCD91F}"
EndProject
Global
	GlobalSection(SolutionConfigurationPlatforms) = preSolution
		Debug|Any CPU = Debug|Any CPU
		Release|Any CPU = Release|Any CPU
	EndGlobalSection
	GlobalSection(ProjectConfigurationPlatforms) = postSolution
		{22D30E5A-2C8F-4051-A524-D9BBF84F6FEF}.Debug|Any CPU.ActiveCfg = Debug|Any CPU
		{22D30E5A-2C8F-4051-A524-D9BBF84F6FEF}.Debug|Any CPU.Build.0 = Debug|Any CPU
		{22D30E5A-2C8F-4051-A524-D9BBF84F6FEF}.Release|Any CPU.ActiveCfg = Release|Any CPU
		{22D30E5A-2C8F-4051-A524-D9BBF84F6FEF}.Release|Any CPU.Build.0 = Release|Any CPU
		{981E7E05-ECA9-49F2-B0D4-9EFABA4D61AD}.Debug|Any CPU.ActiveCfg = Debug|Any CPU
		{981E7E05-ECA9-49F2-B0D4-9EFABA4D61AD}.Debug|Any CPU.Build.0 = Debug|Any CPU
		{981E7E05-ECA9-49F2-B0D4-9EFABA4D61AD}.Release|Any CPU.ActiveCfg = Release|Any CPU
		{981E7E05-ECA9-49F2-B0D4-9EFABA4D61AD}.Release|Any CPU.Build.0 = Release|Any CPU
		{35E8CC01-29F2-49A6-9BB1-43CB0E69F6F4}.Debug|Any CPU.ActiveCfg = Debug|Any CPU
		{35E8CC01-29F2-49A6-9BB1-43CB0E69F6F4}.Debug|Any CPU.Build.0 = Debug|Any CPU
		{35E8CC01-29F2-49A6-9BB1-43CB0E69F6F4}.Release|Any CPU.ActiveCfg = Release|Any CPU
		{35E8CC01-29F2-49A6-9BB1-43CB0E69F6F4}.Release|Any CPU.Build.0 = Release|Any CPU
		{CC51CD69-136F-4577-AF07-043E4DDCD91F}.Debug|Any CPU.ActiveCfg = Debug|Any CPU
		{CC51CD69-136F-4577-AF07-043E4DDCD91F}.Debug|Any CPU.Build.0 = Debug|Any CPU
		{CC51CD69-136F-4577-AF07-043E4DDCD91F}.Release|Any CPU.ActiveCfg = Release|Any CPU
		{CC51CD69-136F-4577-AF07-043E4DDCD91F}.Release|Any CPU.Build.0 = Release|Any CPU
	EndGlobalSection
	GlobalSection(SolutionProperties) = preSolution
		HideSolutionNode = FALSE
	EndGlobalSection
	GlobalSection(NestedProjects) = preSolution
		{22D30E5A-2C8F-4051-A524-D9BBF84F6FEF} = {618C84C8-CA2D-4FBC-8D5A-21E49DB5C186}
		{981E7E05-ECA9-49F2-B0D4-9EFABA4D61AD} = {618C84C8-CA2D-4FBC-8D5A-21E49DB5C186}
		{35E8CC01-29F2-49A6-9BB1-43CB0E69F6F4} = {9E6B923D-5D79-4620-B735-4EE648AFCE67}
	EndGlobalSection
	GlobalSection(ExtensibilityGlobals) = postSolution
		SolutionGuid = {580D8C71-B41E-497E-8E85-6F1CAAB440B3}
	EndGlobalSection
EndGlobal
